
Microsoft Visual Studio Solution File, Format Version 12.00
# Visual Studio Version 17
VisualStudioVersion = 17.0.31717.71
MinimumVisualStudioVersion = 10.0.40219.1
Project("{FAE04EC0-301F-11D3-BF4B-00C04F79EFBC}") = "CheckPalindrome", "CheckPalindrome.csproj", "{76FD0DD0-AF89-450A-AC2C-9EB186083624}"
EndProject
Global
	GlobalSection(SolutionConfigurationPlatforms) = preSolution
		Debug|Any CPU = Debug|Any CPU
		Release|Any CPU = Release|Any CPU
	EndGlobalSection
	GlobalSection(ProjectConfigurationPlatforms) = postSolution
		{76FD0DD0-AF89-450A-AC2C-9EB186083624}.Debug|Any CPU.ActiveCfg = Debug|Any CPU
		{76FD0DD0-AF89-450A-AC2C-9EB186083624}.Debug|Any CPU.Build.0 = Debug|Any CPU
		{76FD0DD0-AF89-450A-AC2C-9EB186083624}.Release|Any CPU.ActiveCfg = Release|Any CPU
		{76FD0DD0-AF89-450A-AC2C-9EB186083624}.Release|Any CPU.Build.0 = Release|Any CPU
	EndGlobalSection
	GlobalSection(SolutionProperties) = preSolution
		HideSolutionNode = FALSE
	EndGlobalSection
	GlobalSection(ExtensibilityGlobals) = postSolution
		SolutionGuid = {A194D9C7-3B0D-475F-BB01-9639EE438736}
	EndGlobalSection
EndGlobal
